<?xml version="1.0" encoding="utf-8"?>
<Project ToolsVersion="4.0" xmlns="http://schemas.microsoft.com/developer/msbuild/2003">
  <ItemGroup>
    <ClInclude Include="com_DevDayCP_JNI_ProdutoViewModel.h" />
    <ClInclude Include="handle.h" />
  </ItemGroup>
  <ItemGroup>
    <ClCompile Include="com_DevDayCP_JNI_ProdutoViewModel.cpp" />
  </ItemGroup>
</Project>